// !$*UTF8*$!
{
	archiveVersion = 1;
	classes = {
	};
	objectVersion = 46;
	objects = {

/* Begin PBXBuildFile section */
		CE3A1F02197C698F00E8FB41 /* Cocoa.framework in Frameworks */ = {isa = PBXBuildFile; fileRef = CE3A1F01197C698F00E8FB41 /* Cocoa.framework */; };
		CE3A1F0C197C698F00E8FB41 /* InfoPlist.strings in Resources */ = {isa = PBXBuildFile; fileRef = CE3A1F0A197C698F00E8FB41 /* InfoPlist.strings */; };
		CE3A1F0E197C698F00E8FB41 /* main.m in Sources */ = {isa = PBXBuildFile; fileRef = CE3A1F0D197C698F00E8FB41 /* main.m */; };
		CE3A1F12197C698F00E8FB41 /* Credits.rtf in Resources */ = {isa = PBXBuildFile; fileRef = CE3A1F10197C698F00E8FB41 /* Credits.rtf */; };
		CE3A1F15197C698F00E8FB41 /* AppDelegate.m in Sources */ = {isa = PBXBuildFile; fileRef = CE3A1F14197C698F00E8FB41 /* AppDelegate.m */; };
		CE3A1F18197C698F00E8FB41 /* MainMenu.xib in Resources */ = {isa = PBXBuildFile; fileRef = CE3A1F16197C698F00E8FB41 /* MainMenu.xib */; };
		CE3A1F1A197C698F00E8FB41 /* Images.xcassets in Resources */ = {isa = PBXBuildFile; fileRef = CE3A1F19197C698F00E8FB41 /* Images.xcassets */; };
		CE3A1F21197C699000E8FB41 /* XCTest.framework in Frameworks */ = {isa = PBXBuildFile; fileRef = CE3A1F20197C699000E8FB41 /* XCTest.framework */; };
		CE3A1F22197C699000E8FB41 /* Cocoa.framework in Frameworks */ = {isa = PBXBuildFile; fileRef = CE3A1F01197C698F00E8FB41 /* Cocoa.framework */; };
		CE3A1F2A197C699000E8FB41 /* InfoPlist.strings in Resources */ = {isa = PBXBuildFile; fileRef = CE3A1F28197C699000E8FB41 /* InfoPlist.strings */; };
		CE3A1F2C197C699000E8FB41 /* Eye_RollTests.m in Sources */ = {isa = PBXBuildFile; fileRef = CE3A1F2B197C699000E8FB41 /* Eye_RollTests.m */; };
		CE5C2D8019881D3A0070B549 /* info.xib in Resources */ = {isa = PBXBuildFile; fileRef = CE5C2D7F19881D3A0070B549 /* info.xib */; };
		CE5C2D82198820C00070B549 /* preferences.xib in Resources */ = {isa = PBXBuildFile; fileRef = CE5C2D81198820C00070B549 /* preferences.xib */; };
		CE9FD4EE198EBB9800899546 /* IOKit.framework in Frameworks */ = {isa = PBXBuildFile; fileRef = CE9FD4ED198EBB9800899546 /* IOKit.framework */; };
		CEDDCFFC198BB28F00974D8F /* EyeTracker.mm in Sources */ = {isa = PBXBuildFile; fileRef = CEDDCFFA198BB28F00974D8F /* EyeTracker.mm */; };
		CEDDD010198BCB7300974D8F /* libopencv_calib3d.2.4.9.dylib in Frameworks */ = {isa = PBXBuildFile; fileRef = CEDDCFFE198BCB7300974D8F /* libopencv_calib3d.2.4.9.dylib */; };
		CEDDD011198BCB7300974D8F /* libopencv_contrib.2.4.9.dylib in Frameworks */ = {isa = PBXBuildFile; fileRef = CEDDCFFF198BCB7300974D8F /* libopencv_contrib.2.4.9.dylib */; };
		CEDDD012198BCB7300974D8F /* libopencv_core.2.4.9.dylib in Frameworks */ = {isa = PBXBuildFile; fileRef = CEDDD000198BCB7300974D8F /* libopencv_core.2.4.9.dylib */; };
		CEDDD013198BCB7300974D8F /* libopencv_features2d.2.4.9.dylib in Frameworks */ = {isa = PBXBuildFile; fileRef = CEDDD001198BCB7300974D8F /* libopencv_features2d.2.4.9.dylib */; };
		CEDDD014198BCB7300974D8F /* libopencv_flann.2.4.9.dylib in Frameworks */ = {isa = PBXBuildFile; fileRef = CEDDD002198BCB7300974D8F /* libopencv_flann.2.4.9.dylib */; };
		CEDDD015198BCB7300974D8F /* libopencv_gpu.2.4.9.dylib in Frameworks */ = {isa = PBXBuildFile; fileRef = CEDDD003198BCB7300974D8F /* libopencv_gpu.2.4.9.dylib */; };
		CEDDD016198BCB7300974D8F /* libopencv_highgui.2.4.9.dylib in Frameworks */ = {isa = PBXBuildFile; fileRef = CEDDD004198BCB7300974D8F /* libopencv_highgui.2.4.9.dylib */; };
		CEDDD017198BCB7300974D8F /* libopencv_imgproc.2.4.9.dylib in Frameworks */ = {isa = PBXBuildFile; fileRef = CEDDD005198BCB7300974D8F /* libopencv_imgproc.2.4.9.dylib */; };
		CEDDD018198BCB7300974D8F /* libopencv_legacy.2.4.9.dylib in Frameworks */ = {isa = PBXBuildFile; fileRef = CEDDD006198BCB7300974D8F /* libopencv_legacy.2.4.9.dylib */; };
		CEDDD019198BCB7300974D8F /* libopencv_ml.2.4.9.dylib in Frameworks */ = {isa = PBXBuildFile; fileRef = CEDDD007198BCB7300974D8F /* libopencv_ml.2.4.9.dylib */; };
		CEDDD01A198BCB7300974D8F /* libopencv_nonfree.2.4.9.dylib in Frameworks */ = {isa = PBXBuildFile; fileRef = CEDDD008198BCB7300974D8F /* libopencv_nonfree.2.4.9.dylib */; };
		CEDDD01B198BCB7300974D8F /* libopencv_objdetect.2.4.9.dylib in Frameworks */ = {isa = PBXBuildFile; fileRef = CEDDD009198BCB7300974D8F /* libopencv_objdetect.2.4.9.dylib */; };
		CEDDD01C198BCB7300974D8F /* libopencv_ocl.2.4.9.dylib in Frameworks */ = {isa = PBXBuildFile; fileRef = CEDDD00A198BCB7300974D8F /* libopencv_ocl.2.4.9.dylib */; };
		CEDDD01D198BCB7300974D8F /* libopencv_photo.2.4.9.dylib in Frameworks */ = {isa = PBXBuildFile; fileRef = CEDDD00B198BCB7300974D8F /* libopencv_photo.2.4.9.dylib */; };
		CEDDD01E198BCB7300974D8F /* libopencv_stitching.2.4.9.dylib in Frameworks */ = {isa = PBXBuildFile; fileRef = CEDDD00C198BCB7300974D8F /* libopencv_stitching.2.4.9.dylib */; };
		CEDDD01F198BCB7300974D8F /* libopencv_superres.2.4.9.dylib in Frameworks */ = {isa = PBXBuildFile; fileRef = CEDDD00D198BCB7300974D8F /* libopencv_superres.2.4.9.dylib */; };
		CEDDD020198BCB7300974D8F /* libopencv_video.2.4.9.dylib in Frameworks */ = {isa = PBXBuildFile; fileRef = CEDDD00E198BCB7300974D8F /* libopencv_video.2.4.9.dylib */; };
		CEDDD021198BCB7300974D8F /* libopencv_videostab.2.4.9.dylib in Frameworks */ = {isa = PBXBuildFile; fileRef = CEDDD00F198BCB7300974D8F /* libopencv_videostab.2.4.9.dylib */; };
		CEDDD042198BCDF000974D8F /* haarcascade_eye.xml in Resources */ = {isa = PBXBuildFile; fileRef = CEDDD024198BCDEF00974D8F /* haarcascade_eye.xml */; };
		CEDDD043198BCDF000974D8F /* haarcascade_eye_tree_eyeglasses.xml in Resources */ = {isa = PBXBuildFile; fileRef = CEDDD025198BCDEF00974D8F /* haarcascade_eye_tree_eyeglasses.xml */; };
		CEDDD044198BCDF000974D8F /* haarcascade_frontalface_alt.xml in Resources */ = {isa = PBXBuildFile; fileRef = CEDDD026198BCDEF00974D8F /* haarcascade_frontalface_alt.xml */; };
		CEDDD045198BCDF000974D8F /* haarcascade_frontalface_alt2.xml in Resources */ = {isa = PBXBuildFile; fileRef = CEDDD027198BCDEF00974D8F /* haarcascade_frontalface_alt2.xml */; };
		CEDDD046198BCDF000974D8F /* haarcascade_frontalface_alt_tree.xml in Resources */ = {isa = PBXBuildFile; fileRef = CEDDD028198BCDEF00974D8F /* haarcascade_frontalface_alt_tree.xml */; };
		CEDDD047198BCDF000974D8F /* haarcascade_frontalface_default.xml in Resources */ = {isa = PBXBuildFile; fileRef = CEDDD029198BCDEF00974D8F /* haarcascade_frontalface_default.xml */; };
		CEDDD048198BCDF000974D8F /* haarcascade_fullbody.xml in Resources */ = {isa = PBXBuildFile; fileRef = CEDDD02A198BCDEF00974D8F /* haarcascade_fullbody.xml */; };
		CEDDD049198BCDF000974D8F /* haarcascade_lefteye_2splits.xml in Resources */ = {isa = PBXBuildFile; fileRef = CEDDD02B198BCDEF00974D8F /* haarcascade_lefteye_2splits.xml */; };
		CEDDD04A198BCDF000974D8F /* haarcascade_lowerbody.xml in Resources */ = {isa = PBXBuildFile; fileRef = CEDDD02C198BCDEF00974D8F /* haarcascade_lowerbody.xml */; };
		CEDDD04B198BCDF000974D8F /* haarcascade_mcs_eyepair_big.xml in Resources */ = {isa = PBXBuildFile; fileRef = CEDDD02D198BCDEF00974D8F /* haarcascade_mcs_eyepair_big.xml */; };
		CEDDD04C198BCDF000974D8F /* haarcascade_mcs_eyepair_small.xml in Resources */ = {isa = PBXBuildFile; fileRef = CEDDD02E198BCDEF00974D8F /* haarcascade_mcs_eyepair_small.xml */; };
		CEDDD04D198BCDF000974D8F /* haarcascade_mcs_leftear.xml in Resources */ = {isa = PBXBuildFile; fileRef = CEDDD02F198BCDEF00974D8F /* haarcascade_mcs_leftear.xml */; };
		CEDDD04E198BCDF000974D8F /* haarcascade_mcs_lefteye.xml in Resources */ = {isa = PBXBuildFile; fileRef = CEDDD030198BCDEF00974D8F /* haarcascade_mcs_lefteye.xml */; };
		CEDDD04F198BCDF000974D8F /* haarcascade_mcs_mouth.xml in Resources */ = {isa = PBXBuildFile; fileRef = CEDDD031198BCDEF00974D8F /* haarcascade_mcs_mouth.xml */; };
		CEDDD050198BCDF000974D8F /* haarcascade_mcs_nose.xml in Resources */ = {isa = PBXBuildFile; fileRef = CEDDD032198BCDEF00974D8F /* haarcascade_mcs_nose.xml */; };
		CEDDD051198BCDF000974D8F /* haarcascade_mcs_rightear.xml in Resources */ = {isa = PBXBuildFile; fileRef = CEDDD033198BCDEF00974D8F /* haarcascade_mcs_rightear.xml */; };
		CEDDD052198BCDF000974D8F /* haarcascade_mcs_righteye.xml in Resources */ = {isa = PBXBuildFile; fileRef = CEDDD034198BCDEF00974D8F /* haarcascade_mcs_righteye.xml */; };
		CEDDD053198BCDF000974D8F /* haarcascade_mcs_upperbody.xml in Resources */ = {isa = PBXBuildFile; fileRef = CEDDD035198BCDEF00974D8F /* haarcascade_mcs_upperbody.xml */; };
		CEDDD054198BCDF000974D8F /* haarcascade_profileface.xml in Resources */ = {isa = PBXBuildFile; fileRef = CEDDD036198BCDEF00974D8F /* haarcascade_profileface.xml */; };
		CEDDD055198BCDF000974D8F /* haarcascade_righteye_2splits.xml in Resources */ = {isa = PBXBuildFile; fileRef = CEDDD037198BCDEF00974D8F /* haarcascade_righteye_2splits.xml */; };
		CEDDD056198BCDF000974D8F /* haarcascade_smile.xml in Resources */ = {isa = PBXBuildFile; fileRef = CEDDD038198BCDEF00974D8F /* haarcascade_smile.xml */; };
		CEDDD057198BCDF000974D8F /* haarcascade_upperbody.xml in Resources */ = {isa = PBXBuildFile; fileRef = CEDDD039198BCDEF00974D8F /* haarcascade_upperbody.xml */; };
		CEDDD058198BCDF000974D8F /* hogcascade_pedestrians.xml in Resources */ = {isa = PBXBuildFile; fileRef = CEDDD03B198BCDEF00974D8F /* hogcascade_pedestrians.xml */; };
		CEDDD059198BCDF000974D8F /* lbpcascade_frontalface.xml in Resources */ = {isa = PBXBuildFile; fileRef = CEDDD03D198BCDEF00974D8F /* lbpcascade_frontalface.xml */; };
		CEDDD05A198BCDF000974D8F /* lbpcascade_profileface.xml in Resources */ = {isa = PBXBuildFile; fileRef = CEDDD03E198BCDEF00974D8F /* lbpcascade_profileface.xml */; };
		CEDDD05B198BCDF000974D8F /* lbpcascade_silverware.xml in Resources */ = {isa = PBXBuildFile; fileRef = CEDDD03F198BCDEF00974D8F /* lbpcascade_silverware.xml */; };
		CEDDD05C198BCDF000974D8F /* trainingfaces_24-24.vec in Resources */ = {isa = PBXBuildFile; fileRef = CEDDD041198BCDF000974D8F /* trainingfaces_24-24.vec */; };
/* End PBXBuildFile section */

/* Begin PBXContainerItemProxy section */
		CE3A1F23197C699000E8FB41 /* PBXContainerItemProxy */ = {
			isa = PBXContainerItemProxy;
			containerPortal = CE3A1EF6197C698F00E8FB41 /* Project object */;
			proxyType = 1;
			remoteGlobalIDString = CE3A1EFD197C698F00E8FB41;
			remoteInfo = "Eye Roll";
		};
/* End PBXContainerItemProxy section */

/* Begin PBXFileReference section */
		CE3A1EFE197C698F00E8FB41 /* Eye Roll.app */ = {isa = PBXFileReference; explicitFileType = wrapper.application; includeInIndex = 0; path = "Eye Roll.app"; sourceTree = BUILT_PRODUCTS_DIR; };
		CE3A1F01197C698F00E8FB41 /* Cocoa.framework */ = {isa = PBXFileReference; lastKnownFileType = wrapper.framework; name = Cocoa.framework; path = System/Library/Frameworks/Cocoa.framework; sourceTree = SDKROOT; };
		CE3A1F04197C698F00E8FB41 /* AppKit.framework */ = {isa = PBXFileReference; lastKnownFileType = wrapper.framework; name = AppKit.framework; path = System/Library/Frameworks/AppKit.framework; sourceTree = SDKROOT; };
		CE3A1F05197C698F00E8FB41 /* CoreData.framework */ = {isa = PBXFileReference; lastKnownFileType = wrapper.framework; name = CoreData.framework; path = System/Library/Frameworks/CoreData.framework; sourceTree = SDKROOT; };
		CE3A1F06197C698F00E8FB41 /* Foundation.framework */ = {isa = PBXFileReference; lastKnownFileType = wrapper.framework; name = Foundation.framework; path = System/Library/Frameworks/Foundation.framework; sourceTree = SDKROOT; };
		CE3A1F09197C698F00E8FB41 /* Eye Roll-Info.plist */ = {isa = PBXFileReference; lastKnownFileType = text.plist.xml; path = "Eye Roll-Info.plist"; sourceTree = "<group>"; };
		CE3A1F0B197C698F00E8FB41 /* en */ = {isa = PBXFileReference; lastKnownFileType = text.plist.strings; name = en; path = en.lproj/InfoPlist.strings; sourceTree = "<group>"; };
		CE3A1F0D197C698F00E8FB41 /* main.m */ = {isa = PBXFileReference; lastKnownFileType = sourcecode.c.objc; path = main.m; sourceTree = "<group>"; };
		CE3A1F0F197C698F00E8FB41 /* Eye Roll-Prefix.pch */ = {isa = PBXFileReference; lastKnownFileType = sourcecode.c.h; path = "Eye Roll-Prefix.pch"; sourceTree = "<group>"; };
		CE3A1F11197C698F00E8FB41 /* en */ = {isa = PBXFileReference; lastKnownFileType = text.rtf; name = en; path = en.lproj/Credits.rtf; sourceTree = "<group>"; };
		CE3A1F13197C698F00E8FB41 /* AppDelegate.h */ = {isa = PBXFileReference; lastKnownFileType = sourcecode.c.h; path = AppDelegate.h; sourceTree = "<group>"; };
		CE3A1F14197C698F00E8FB41 /* AppDelegate.m */ = {isa = PBXFileReference; lastKnownFileType = sourcecode.c.objc; path = AppDelegate.m; sourceTree = "<group>"; };
		CE3A1F17197C698F00E8FB41 /* Base */ = {isa = PBXFileReference; lastKnownFileType = file.xib; name = Base; path = Base.lproj/MainMenu.xib; sourceTree = "<group>"; };
		CE3A1F19197C698F00E8FB41 /* Images.xcassets */ = {isa = PBXFileReference; lastKnownFileType = folder.assetcatalog; path = Images.xcassets; sourceTree = "<group>"; };
		CE3A1F1F197C699000E8FB41 /* Eye RollTests.xctest */ = {isa = PBXFileReference; explicitFileType = wrapper.cfbundle; includeInIndex = 0; path = "Eye RollTests.xctest"; sourceTree = BUILT_PRODUCTS_DIR; };
		CE3A1F20197C699000E8FB41 /* XCTest.framework */ = {isa = PBXFileReference; lastKnownFileType = wrapper.framework; name = XCTest.framework; path = Library/Frameworks/XCTest.framework; sourceTree = DEVELOPER_DIR; };
		CE3A1F27197C699000E8FB41 /* Eye RollTests-Info.plist */ = {isa = PBXFileReference; lastKnownFileType = text.plist.xml; path = "Eye RollTests-Info.plist"; sourceTree = "<group>"; };
		CE3A1F29197C699000E8FB41 /* en */ = {isa = PBXFileReference; lastKnownFileType = text.plist.strings; name = en; path = en.lproj/InfoPlist.strings; sourceTree = "<group>"; };
		CE3A1F2B197C699000E8FB41 /* Eye_RollTests.m */ = {isa = PBXFileReference; lastKnownFileType = sourcecode.c.objc; path = Eye_RollTests.m; sourceTree = "<group>"; };
		CE5C2D7F19881D3A0070B549 /* info.xib */ = {isa = PBXFileReference; fileEncoding = 4; lastKnownFileType = file.xib; path = info.xib; sourceTree = "<group>"; };
		CE5C2D81198820C00070B549 /* preferences.xib */ = {isa = PBXFileReference; fileEncoding = 4; lastKnownFileType = file.xib; path = preferences.xib; sourceTree = "<group>"; };
		CE9FD4ED198EBB9800899546 /* IOKit.framework */ = {isa = PBXFileReference; lastKnownFileType = wrapper.framework; name = IOKit.framework; path = System/Library/Frameworks/IOKit.framework; sourceTree = SDKROOT; };
		CEDDCFFA198BB28F00974D8F /* EyeTracker.mm */ = {isa = PBXFileReference; fileEncoding = 4; lastKnownFileType = sourcecode.cpp.objcpp; path = EyeTracker.mm; sourceTree = "<group>"; };
		CEDDCFFB198BB28F00974D8F /* EyeTracker.h */ = {isa = PBXFileReference; fileEncoding = 4; lastKnownFileType = sourcecode.c.h; path = EyeTracker.h; sourceTree = "<group>"; };
		CEDDCFFE198BCB7300974D8F /* libopencv_calib3d.2.4.9.dylib */ = {isa = PBXFileReference; lastKnownFileType = "compiled.mach-o.dylib"; path = libopencv_calib3d.2.4.9.dylib; sourceTree = "<group>"; };
		CEDDCFFF198BCB7300974D8F /* libopencv_contrib.2.4.9.dylib */ = {isa = PBXFileReference; lastKnownFileType = "compiled.mach-o.dylib"; path = libopencv_contrib.2.4.9.dylib; sourceTree = "<group>"; };
		CEDDD000198BCB7300974D8F /* libopencv_core.2.4.9.dylib */ = {isa = PBXFileReference; lastKnownFileType = "compiled.mach-o.dylib"; path = libopencv_core.2.4.9.dylib; sourceTree = "<group>"; };
		CEDDD001198BCB7300974D8F /* libopencv_features2d.2.4.9.dylib */ = {isa = PBXFileReference; lastKnownFileType = "compiled.mach-o.dylib"; path = libopencv_features2d.2.4.9.dylib; sourceTree = "<group>"; };
		CEDDD002198BCB7300974D8F /* libopencv_flann.2.4.9.dylib */ = {isa = PBXFileReference; lastKnownFileType = "compiled.mach-o.dylib"; path = libopencv_flann.2.4.9.dylib; sourceTree = "<group>"; };
		CEDDD003198BCB7300974D8F /* libopencv_gpu.2.4.9.dylib */ = {isa = PBXFileReference; lastKnownFileType = "compiled.mach-o.dylib"; path = libopencv_gpu.2.4.9.dylib; sourceTree = "<group>"; };
		CEDDD004198BCB7300974D8F /* libopencv_highgui.2.4.9.dylib */ = {isa = PBXFileReference; lastKnownFileType = "compiled.mach-o.dylib"; path = libopencv_highgui.2.4.9.dylib; sourceTree = "<group>"; };
		CEDDD005198BCB7300974D8F /* libopencv_imgproc.2.4.9.dylib */ = {isa = PBXFileReference; lastKnownFileType = "compiled.mach-o.dylib"; path = libopencv_imgproc.2.4.9.dylib; sourceTree = "<group>"; };
		CEDDD006198BCB7300974D8F /* libopencv_legacy.2.4.9.dylib */ = {isa = PBXFileReference; lastKnownFileType = "compiled.mach-o.dylib"; path = libopencv_legacy.2.4.9.dylib; sourceTree = "<group>"; };
		CEDDD007198BCB7300974D8F /* libopencv_ml.2.4.9.dylib */ = {isa = PBXFileReference; lastKnownFileType = "compiled.mach-o.dylib"; path = libopencv_ml.2.4.9.dylib; sourceTree = "<group>"; };
		CEDDD008198BCB7300974D8F /* libopencv_nonfree.2.4.9.dylib */ = {isa = PBXFileReference; lastKnownFileType = "compiled.mach-o.dylib"; path = libopencv_nonfree.2.4.9.dylib; sourceTree = "<group>"; };
		CEDDD009198BCB7300974D8F /* libopencv_objdetect.2.4.9.dylib */ = {isa = PBXFileReference; lastKnownFileType = "compiled.mach-o.dylib"; path = libopencv_objdetect.2.4.9.dylib; sourceTree = "<group>"; };
		CEDDD00A198BCB7300974D8F /* libopencv_ocl.2.4.9.dylib */ = {isa = PBXFileReference; lastKnownFileType = "compiled.mach-o.dylib"; path = libopencv_ocl.2.4.9.dylib; sourceTree = "<group>"; };
		CEDDD00B198BCB7300974D8F /* libopencv_photo.2.4.9.dylib */ = {isa = PBXFileReference; lastKnownFileType = "compiled.mach-o.dylib"; path = libopencv_photo.2.4.9.dylib; sourceTree = "<group>"; };
		CEDDD00C198BCB7300974D8F /* libopencv_stitching.2.4.9.dylib */ = {isa = PBXFileReference; lastKnownFileType = "compiled.mach-o.dylib"; path = libopencv_stitching.2.4.9.dylib; sourceTree = "<group>"; };
		CEDDD00D198BCB7300974D8F /* libopencv_superres.2.4.9.dylib */ = {isa = PBXFileReference; lastKnownFileType = "compiled.mach-o.dylib"; path = libopencv_superres.2.4.9.dylib; sourceTree = "<group>"; };
		CEDDD00E198BCB7300974D8F /* libopencv_video.2.4.9.dylib */ = {isa = PBXFileReference; lastKnownFileType = "compiled.mach-o.dylib"; path = libopencv_video.2.4.9.dylib; sourceTree = "<group>"; };
		CEDDD00F198BCB7300974D8F /* libopencv_videostab.2.4.9.dylib */ = {isa = PBXFileReference; lastKnownFileType = "compiled.mach-o.dylib"; path = libopencv_videostab.2.4.9.dylib; sourceTree = "<group>"; };
		CEDDD024198BCDEF00974D8F /* haarcascade_eye.xml */ = {isa = PBXFileReference; fileEncoding = 4; lastKnownFileType = text.xml; name = haarcascade_eye.xml; path = haarcascades/haarcascade_eye.xml; sourceTree = SOURCE_ROOT; };
		CEDDD025198BCDEF00974D8F /* haarcascade_eye_tree_eyeglasses.xml */ = {isa = PBXFileReference; fileEncoding = 4; lastKnownFileType = text.xml; path = haarcascade_eye_tree_eyeglasses.xml; sourceTree = "<group>"; };
		CEDDD026198BCDEF00974D8F /* haarcascade_frontalface_alt.xml */ = {isa = PBXFileReference; fileEncoding = 4; lastKnownFileType = text.xml; path = haarcascade_frontalface_alt.xml; sourceTree = "<group>"; };
		CEDDD027198BCDEF00974D8F /* haarcascade_frontalface_alt2.xml */ = {isa = PBXFileReference; fileEncoding = 4; lastKnownFileType = text.xml; name = haarcascade_frontalface_alt2.xml; path = haarcascades/haarcascade_frontalface_alt2.xml; sourceTree = SOURCE_ROOT; };
		CEDDD028198BCDEF00974D8F /* haarcascade_frontalface_alt_tree.xml */ = {isa = PBXFileReference; fileEncoding = 4; lastKnownFileType = text.xml; path = haarcascade_frontalface_alt_tree.xml; sourceTree = "<group>"; };
		CEDDD029198BCDEF00974D8F /* haarcascade_frontalface_default.xml */ = {isa = PBXFileReference; fileEncoding = 4; lastKnownFileType = text.xml; path = haarcascade_frontalface_default.xml; sourceTree = "<group>"; };
		CEDDD02A198BCDEF00974D8F /* haarcascade_fullbody.xml */ = {isa = PBXFileReference; fileEncoding = 4; lastKnownFileType = text.xml; path = haarcascade_fullbody.xml; sourceTree = "<group>"; };
		CEDDD02B198BCDEF00974D8F /* haarcascade_lefteye_2splits.xml */ = {isa = PBXFileReference; fileEncoding = 4; lastKnownFileType = text.xml; path = haarcascade_lefteye_2splits.xml; sourceTree = "<group>"; };
		CEDDD02C198BCDEF00974D8F /* haarcascade_lowerbody.xml */ = {isa = PBXFileReference; fileEncoding = 4; lastKnownFileType = text.xml; path = haarcascade_lowerbody.xml; sourceTree = "<group>"; };
		CEDDD02D198BCDEF00974D8F /* haarcascade_mcs_eyepair_big.xml */ = {isa = PBXFileReference; fileEncoding = 4; lastKnownFileType = text.xml; path = haarcascade_mcs_eyepair_big.xml; sourceTree = "<group>"; };
		CEDDD02E198BCDEF00974D8F /* haarcascade_mcs_eyepair_small.xml */ = {isa = PBXFileReference; fileEncoding = 4; lastKnownFileType = text.xml; path = haarcascade_mcs_eyepair_small.xml; sourceTree = "<group>"; };
		CEDDD02F198BCDEF00974D8F /* haarcascade_mcs_leftear.xml */ = {isa = PBXFileReference; fileEncoding = 4; lastKnownFileType = text.xml; path = haarcascade_mcs_leftear.xml; sourceTree = "<group>"; };
		CEDDD030198BCDEF00974D8F /* haarcascade_mcs_lefteye.xml */ = {isa = PBXFileReference; fileEncoding = 4; lastKnownFileType = text.xml; path = haarcascade_mcs_lefteye.xml; sourceTree = "<group>"; };
		CEDDD031198BCDEF00974D8F /* haarcascade_mcs_mouth.xml */ = {isa = PBXFileReference; fileEncoding = 4; lastKnownFileType = text.xml; path = haarcascade_mcs_mouth.xml; sourceTree = "<group>"; };
		CEDDD032198BCDEF00974D8F /* haarcascade_mcs_nose.xml */ = {isa = PBXFileReference; fileEncoding = 4; lastKnownFileType = text.xml; path = haarcascade_mcs_nose.xml; sourceTree = "<group>"; };
		CEDDD033198BCDEF00974D8F /* haarcascade_mcs_rightear.xml */ = {isa = PBXFileReference; fileEncoding = 4; lastKnownFileType = text.xml; path = haarcascade_mcs_rightear.xml; sourceTree = "<group>"; };
		CEDDD034198BCDEF00974D8F /* haarcascade_mcs_righteye.xml */ = {isa = PBXFileReference; fileEncoding = 4; lastKnownFileType = text.xml; path = haarcascade_mcs_righteye.xml; sourceTree = "<group>"; };
		CEDDD035198BCDEF00974D8F /* haarcascade_mcs_upperbody.xml */ = {isa = PBXFileReference; fileEncoding = 4; lastKnownFileType = text.xml; path = haarcascade_mcs_upperbody.xml; sourceTree = "<group>"; };
		CEDDD036198BCDEF00974D8F /* haarcascade_profileface.xml */ = {isa = PBXFileReference; fileEncoding = 4; lastKnownFileType = text.xml; path = haarcascade_profileface.xml; sourceTree = "<group>"; };
		CEDDD037198BCDEF00974D8F /* haarcascade_righteye_2splits.xml */ = {isa = PBXFileReference; fileEncoding = 4; lastKnownFileType = text.xml; path = haarcascade_righteye_2splits.xml; sourceTree = "<group>"; };
		CEDDD038198BCDEF00974D8F /* haarcascade_smile.xml */ = {isa = PBXFileReference; fileEncoding = 4; lastKnownFileType = text.xml; path = haarcascade_smile.xml; sourceTree = "<group>"; };
		CEDDD039198BCDEF00974D8F /* haarcascade_upperbody.xml */ = {isa = PBXFileReference; fileEncoding = 4; lastKnownFileType = text.xml; path = haarcascade_upperbody.xml; sourceTree = "<group>"; };
		CEDDD03B198BCDEF00974D8F /* hogcascade_pedestrians.xml */ = {isa = PBXFileReference; fileEncoding = 4; lastKnownFileType = text.xml; path = hogcascade_pedestrians.xml; sourceTree = "<group>"; };
		CEDDD03D198BCDEF00974D8F /* lbpcascade_frontalface.xml */ = {isa = PBXFileReference; fileEncoding = 4; lastKnownFileType = text.xml; path = lbpcascade_frontalface.xml; sourceTree = "<group>"; };
		CEDDD03E198BCDEF00974D8F /* lbpcascade_profileface.xml */ = {isa = PBXFileReference; fileEncoding = 4; lastKnownFileType = text.xml; path = lbpcascade_profileface.xml; sourceTree = "<group>"; };
		CEDDD03F198BCDEF00974D8F /* lbpcascade_silverware.xml */ = {isa = PBXFileReference; fileEncoding = 4; lastKnownFileType = text.xml; path = lbpcascade_silverware.xml; sourceTree = "<group>"; };
		CEDDD041198BCDF000974D8F /* trainingfaces_24-24.vec */ = {isa = PBXFileReference; lastKnownFileType = file; path = "trainingfaces_24-24.vec"; sourceTree = "<group>"; };
/* End PBXFileReference section */

/* Begin PBXFrameworksBuildPhase section */
		CE3A1EFB197C698F00E8FB41 /* Frameworks */ = {
			isa = PBXFrameworksBuildPhase;
			buildActionMask = 2147483647;
			files = (
				CE9FD4EE198EBB9800899546 /* IOKit.framework in Frameworks */,
				CEDDD013198BCB7300974D8F /* libopencv_features2d.2.4.9.dylib in Frameworks */,
				CEDDD01D198BCB7300974D8F /* libopencv_photo.2.4.9.dylib in Frameworks */,
				CEDDD01C198BCB7300974D8F /* libopencv_ocl.2.4.9.dylib in Frameworks */,
				CE3A1F02197C698F00E8FB41 /* Cocoa.framework in Frameworks */,
				CEDDD014198BCB7300974D8F /* libopencv_flann.2.4.9.dylib in Frameworks */,
				CEDDD015198BCB7300974D8F /* libopencv_gpu.2.4.9.dylib in Frameworks */,
				CEDDD01B198BCB7300974D8F /* libopencv_objdetect.2.4.9.dylib in Frameworks */,
				CEDDD010198BCB7300974D8F /* libopencv_calib3d.2.4.9.dylib in Frameworks */,
				CEDDD01F198BCB7300974D8F /* libopencv_superres.2.4.9.dylib in Frameworks */,
				CEDDD01E198BCB7300974D8F /* libopencv_stitching.2.4.9.dylib in Frameworks */,
				CEDDD011198BCB7300974D8F /* libopencv_contrib.2.4.9.dylib in Frameworks */,
				CEDDD017198BCB7300974D8F /* libopencv_imgproc.2.4.9.dylib in Frameworks */,
				CEDDD016198BCB7300974D8F /* libopencv_highgui.2.4.9.dylib in Frameworks */,
				CEDDD012198BCB7300974D8F /* libopencv_core.2.4.9.dylib in Frameworks */,
				CEDDD020198BCB7300974D8F /* libopencv_video.2.4.9.dylib in Frameworks */,
				CEDDD019198BCB7300974D8F /* libopencv_ml.2.4.9.dylib in Frameworks */,
				CEDDD01A198BCB7300974D8F /* libopencv_nonfree.2.4.9.dylib in Frameworks */,
				CEDDD018198BCB7300974D8F /* libopencv_legacy.2.4.9.dylib in Frameworks */,
				CEDDD021198BCB7300974D8F /* libopencv_videostab.2.4.9.dylib in Frameworks */,
			);
			runOnlyForDeploymentPostprocessing = 0;
		};
		CE3A1F1C197C699000E8FB41 /* Frameworks */ = {
			isa = PBXFrameworksBuildPhase;
			buildActionMask = 2147483647;
			files = (
				CE3A1F22197C699000E8FB41 /* Cocoa.framework in Frameworks */,
				CE3A1F21197C699000E8FB41 /* XCTest.framework in Frameworks */,
			);
			runOnlyForDeploymentPostprocessing = 0;
		};
/* End PBXFrameworksBuildPhase section */

/* Begin PBXGroup section */
		CE3A1EF5197C698F00E8FB41 = {
			isa = PBXGroup;
			children = (
				CEDDD022198BCDD000974D8F /* OpenCvDATA */,
				CEDDCFFD198BC5CA00974D8F /* OpenCv */,
				CE3A1F07197C698F00E8FB41 /* Eye Roll */,
				CE3A1F25197C699000E8FB41 /* Eye RollTests */,
				CE3A1F00197C698F00E8FB41 /* Frameworks */,
				CE3A1EFF197C698F00E8FB41 /* Products */,
			);
			sourceTree = "<group>";
		};
		CE3A1EFF197C698F00E8FB41 /* Products */ = {
			isa = PBXGroup;
			children = (
				CE3A1EFE197C698F00E8FB41 /* Eye Roll.app */,
				CE3A1F1F197C699000E8FB41 /* Eye RollTests.xctest */,
			);
			name = Products;
			sourceTree = "<group>";
		};
		CE3A1F00197C698F00E8FB41 /* Frameworks */ = {
			isa = PBXGroup;
			children = (
				CE9FD4ED198EBB9800899546 /* IOKit.framework */,
				CE3A1F01197C698F00E8FB41 /* Cocoa.framework */,
				CE3A1F20197C699000E8FB41 /* XCTest.framework */,
				CE3A1F03197C698F00E8FB41 /* Other Frameworks */,
			);
			name = Frameworks;
			sourceTree = "<group>";
		};
		CE3A1F03197C698F00E8FB41 /* Other Frameworks */ = {
			isa = PBXGroup;
			children = (
				CE3A1F04197C698F00E8FB41 /* AppKit.framework */,
				CE3A1F05197C698F00E8FB41 /* CoreData.framework */,
				CE3A1F06197C698F00E8FB41 /* Foundation.framework */,
			);
			name = "Other Frameworks";
			sourceTree = "<group>";
		};
		CE3A1F07197C698F00E8FB41 /* Eye Roll */ = {
			isa = PBXGroup;
			children = (
				CE3A1F13197C698F00E8FB41 /* AppDelegate.h */,
				CE3A1F14197C698F00E8FB41 /* AppDelegate.m */,
				CE3A1F16197C698F00E8FB41 /* MainMenu.xib */,
				CE3A1F19197C698F00E8FB41 /* Images.xcassets */,
				CE3A1F08197C698F00E8FB41 /* Supporting Files */,
				CE5C2D7F19881D3A0070B549 /* info.xib */,
				CE5C2D81198820C00070B549 /* preferences.xib */,
				CEDDCFFA198BB28F00974D8F /* EyeTracker.mm */,
				CEDDCFFB198BB28F00974D8F /* EyeTracker.h */,
			);
			path = "Eye Roll";
			sourceTree = "<group>";
		};
		CE3A1F08197C698F00E8FB41 /* Supporting Files */ = {
			isa = PBXGroup;
			children = (
				CE3A1F09197C698F00E8FB41 /* Eye Roll-Info.plist */,
				CE3A1F0A197C698F00E8FB41 /* InfoPlist.strings */,
				CE3A1F0D197C698F00E8FB41 /* main.m */,
				CE3A1F0F197C698F00E8FB41 /* Eye Roll-Prefix.pch */,
				CE3A1F10197C698F00E8FB41 /* Credits.rtf */,
			);
			name = "Supporting Files";
			sourceTree = "<group>";
		};
		CE3A1F25197C699000E8FB41 /* Eye RollTests */ = {
			isa = PBXGroup;
			children = (
				CE3A1F2B197C699000E8FB41 /* Eye_RollTests.m */,
				CE3A1F26197C699000E8FB41 /* Supporting Files */,
			);
			path = "Eye RollTests";
			sourceTree = "<group>";
		};
		CE3A1F26197C699000E8FB41 /* Supporting Files */ = {
			isa = PBXGroup;
			children = (
				CE3A1F27197C699000E8FB41 /* Eye RollTests-Info.plist */,
				CE3A1F28197C699000E8FB41 /* InfoPlist.strings */,
			);
			name = "Supporting Files";
			sourceTree = "<group>";
		};
		CEDDCFFD198BC5CA00974D8F /* OpenCv */ = {
			isa = PBXGroup;
			children = (
				CEDDCFFE198BCB7300974D8F /* libopencv_calib3d.2.4.9.dylib */,
				CEDDCFFF198BCB7300974D8F /* libopencv_contrib.2.4.9.dylib */,
				CEDDD000198BCB7300974D8F /* libopencv_core.2.4.9.dylib */,
				CEDDD001198BCB7300974D8F /* libopencv_features2d.2.4.9.dylib */,
				CEDDD002198BCB7300974D8F /* libopencv_flann.2.4.9.dylib */,
				CEDDD003198BCB7300974D8F /* libopencv_gpu.2.4.9.dylib */,
				CEDDD004198BCB7300974D8F /* libopencv_highgui.2.4.9.dylib */,
				CEDDD005198BCB7300974D8F /* libopencv_imgproc.2.4.9.dylib */,
				CEDDD006198BCB7300974D8F /* libopencv_legacy.2.4.9.dylib */,
				CEDDD007198BCB7300974D8F /* libopencv_ml.2.4.9.dylib */,
				CEDDD008198BCB7300974D8F /* libopencv_nonfree.2.4.9.dylib */,
				CEDDD009198BCB7300974D8F /* libopencv_objdetect.2.4.9.dylib */,
				CEDDD00A198BCB7300974D8F /* libopencv_ocl.2.4.9.dylib */,
				CEDDD00B198BCB7300974D8F /* libopencv_photo.2.4.9.dylib */,
				CEDDD00C198BCB7300974D8F /* libopencv_stitching.2.4.9.dylib */,
				CEDDD00D198BCB7300974D8F /* libopencv_superres.2.4.9.dylib */,
				CEDDD00E198BCB7300974D8F /* libopencv_video.2.4.9.dylib */,
				CEDDD00F198BCB7300974D8F /* libopencv_videostab.2.4.9.dylib */,
			);
			name = OpenCv;
			sourceTree = "<group>";
		};
		CEDDD022198BCDD000974D8F /* OpenCvDATA */ = {
			isa = PBXGroup;
			children = (
				CEDDD023198BCDEF00974D8F /* haarcascades */,
				CEDDD03A198BCDEF00974D8F /* hogcascades */,
				CEDDD03C198BCDEF00974D8F /* lbpcascades */,
				CEDDD040198BCDEF00974D8F /* vec_files */,
			);
			name = OpenCvDATA;
			sourceTree = "<group>";
		};
		CEDDD023198BCDEF00974D8F /* haarcascades */ = {
			isa = PBXGroup;
			children = (
				CEDDD024198BCDEF00974D8F /* haarcascade_eye.xml */,
				CEDDD025198BCDEF00974D8F /* haarcascade_eye_tree_eyeglasses.xml */,
				CEDDD026198BCDEF00974D8F /* haarcascade_frontalface_alt.xml */,
				CEDDD027198BCDEF00974D8F /* haarcascade_frontalface_alt2.xml */,
				CEDDD028198BCDEF00974D8F /* haarcascade_frontalface_alt_tree.xml */,
				CEDDD029198BCDEF00974D8F /* haarcascade_frontalface_default.xml */,
				CEDDD02A198BCDEF00974D8F /* haarcascade_fullbody.xml */,
				CEDDD02B198BCDEF00974D8F /* haarcascade_lefteye_2splits.xml */,
				CEDDD02C198BCDEF00974D8F /* haarcascade_lowerbody.xml */,
				CEDDD02D198BCDEF00974D8F /* haarcascade_mcs_eyepair_big.xml */,
				CEDDD02E198BCDEF00974D8F /* haarcascade_mcs_eyepair_small.xml */,
				CEDDD02F198BCDEF00974D8F /* haarcascade_mcs_leftear.xml */,
				CEDDD030198BCDEF00974D8F /* haarcascade_mcs_lefteye.xml */,
				CEDDD031198BCDEF00974D8F /* haarcascade_mcs_mouth.xml */,
				CEDDD032198BCDEF00974D8F /* haarcascade_mcs_nose.xml */,
				CEDDD033198BCDEF00974D8F /* haarcascade_mcs_rightear.xml */,
				CEDDD034198BCDEF00974D8F /* haarcascade_mcs_righteye.xml */,
				CEDDD035198BCDEF00974D8F /* haarcascade_mcs_upperbody.xml */,
				CEDDD036198BCDEF00974D8F /* haarcascade_profileface.xml */,
				CEDDD037198BCDEF00974D8F /* haarcascade_righteye_2splits.xml */,
				CEDDD038198BCDEF00974D8F /* haarcascade_smile.xml */,
				CEDDD039198BCDEF00974D8F /* haarcascade_upperbody.xml */,
			);
			path = haarcascades;
			sourceTree = "<group>";
		};
		CEDDD03A198BCDEF00974D8F /* hogcascades */ = {
			isa = PBXGroup;
			children = (
				CEDDD03B198BCDEF00974D8F /* hogcascade_pedestrians.xml */,
			);
			path = hogcascades;
			sourceTree = "<group>";
		};
		CEDDD03C198BCDEF00974D8F /* lbpcascades */ = {
			isa = PBXGroup;
			children = (
				CEDDD03D198BCDEF00974D8F /* lbpcascade_frontalface.xml */,
				CEDDD03E198BCDEF00974D8F /* lbpcascade_profileface.xml */,
				CEDDD03F198BCDEF00974D8F /* lbpcascade_silverware.xml */,
			);
			path = lbpcascades;
			sourceTree = "<group>";
		};
		CEDDD040198BCDEF00974D8F /* vec_files */ = {
			isa = PBXGroup;
			children = (
				CEDDD041198BCDF000974D8F /* trainingfaces_24-24.vec */,
			);
			path = vec_files;
			sourceTree = "<group>";
		};
/* End PBXGroup section */

/* Begin PBXNativeTarget section */
		CE3A1EFD197C698F00E8FB41 /* Eye Roll */ = {
			isa = PBXNativeTarget;
			buildConfigurationList = CE3A1F2F197C699000E8FB41 /* Build configuration list for PBXNativeTarget "Eye Roll" */;
			buildPhases = (
				CE3A1EFA197C698F00E8FB41 /* Sources */,
				CE3A1EFB197C698F00E8FB41 /* Frameworks */,
				CE3A1EFC197C698F00E8FB41 /* Resources */,
			);
			buildRules = (
			);
			dependencies = (
			);
			name = "Eye Roll";
			productName = "Eye Roll";
			productReference = CE3A1EFE197C698F00E8FB41 /* Eye Roll.app */;
			productType = "com.apple.product-type.application";
		};
		CE3A1F1E197C699000E8FB41 /* Eye RollTests */ = {
			isa = PBXNativeTarget;
			buildConfigurationList = CE3A1F32197C699000E8FB41 /* Build configuration list for PBXNativeTarget "Eye RollTests" */;
			buildPhases = (
				CE3A1F1B197C699000E8FB41 /* Sources */,
				CE3A1F1C197C699000E8FB41 /* Frameworks */,
				CE3A1F1D197C699000E8FB41 /* Resources */,
			);
			buildRules = (
			);
			dependencies = (
				CE3A1F24197C699000E8FB41 /* PBXTargetDependency */,
			);
			name = "Eye RollTests";
			productName = "Eye RollTests";
			productReference = CE3A1F1F197C699000E8FB41 /* Eye RollTests.xctest */;
			productType = "com.apple.product-type.bundle.unit-test";
		};
/* End PBXNativeTarget section */

/* Begin PBXProject section */
		CE3A1EF6197C698F00E8FB41 /* Project object */ = {
			isa = PBXProject;
			attributes = {
				LastUpgradeCheck = 0510;
				ORGANIZATIONNAME = "Marco Stagni";
				TargetAttributes = {
					CE3A1F1E197C699000E8FB41 = {
						TestTargetID = CE3A1EFD197C698F00E8FB41;
					};
				};
			};
			buildConfigurationList = CE3A1EF9197C698F00E8FB41 /* Build configuration list for PBXProject "Eye Roll" */;
			compatibilityVersion = "Xcode 3.2";
			developmentRegion = English;
			hasScannedForEncodings = 0;
			knownRegions = (
				en,
				Base,
			);
			mainGroup = CE3A1EF5197C698F00E8FB41;
			productRefGroup = CE3A1EFF197C698F00E8FB41 /* Products */;
			projectDirPath = "";
			projectRoot = "";
			targets = (
				CE3A1EFD197C698F00E8FB41 /* Eye Roll */,
				CE3A1F1E197C699000E8FB41 /* Eye RollTests */,
			);
		};
/* End PBXProject section */

/* Begin PBXResourcesBuildPhase section */
		CE3A1EFC197C698F00E8FB41 /* Resources */ = {
			isa = PBXResourcesBuildPhase;
			buildActionMask = 2147483647;
			files = (
				CEDDD046198BCDF000974D8F /* haarcascade_frontalface_alt_tree.xml in Resources */,
				CE5C2D8019881D3A0070B549 /* info.xib in Resources */,
				CEDDD05C198BCDF000974D8F /* trainingfaces_24-24.vec in Resources */,
				CEDDD04E198BCDF000974D8F /* haarcascade_mcs_lefteye.xml in Resources */,
				CE3A1F0C197C698F00E8FB41 /* InfoPlist.strings in Resources */,
				CEDDD045198BCDF000974D8F /* haarcascade_frontalface_alt2.xml in Resources */,
				CEDDD052198BCDF000974D8F /* haarcascade_mcs_righteye.xml in Resources */,
				CEDDD054198BCDF000974D8F /* haarcascade_profileface.xml in Resources */,
				CEDDD050198BCDF000974D8F /* haarcascade_mcs_nose.xml in Resources */,
				CEDDD053198BCDF000974D8F /* haarcascade_mcs_upperbody.xml in Resources */,
				CEDDD051198BCDF000974D8F /* haarcascade_mcs_rightear.xml in Resources */,
				CE5C2D82198820C00070B549 /* preferences.xib in Resources */,
				CEDDD049198BCDF000974D8F /* haarcascade_lefteye_2splits.xml in Resources */,
				CEDDD055198BCDF000974D8F /* haarcascade_righteye_2splits.xml in Resources */,
				CE3A1F1A197C698F00E8FB41 /* Images.xcassets in Resources */,
				CEDDD042198BCDF000974D8F /* haarcascade_eye.xml in Resources */,
				CEDDD04D198BCDF000974D8F /* haarcascade_mcs_leftear.xml in Resources */,
				CE3A1F12197C698F00E8FB41 /* Credits.rtf in Resources */,
				CEDDD056198BCDF000974D8F /* haarcascade_smile.xml in Resources */,
				CE3A1F18197C698F00E8FB41 /* MainMenu.xib in Resources */,
				CEDDD048198BCDF000974D8F /* haarcascade_fullbody.xml in Resources */,
				CEDDD05A198BCDF000974D8F /* lbpcascade_profileface.xml in Resources */,
				CEDDD058198BCDF000974D8F /* hogcascade_pedestrians.xml in Resources */,
				CEDDD044198BCDF000974D8F /* haarcascade_frontalface_alt.xml in Resources */,
				CEDDD04F198BCDF000974D8F /* haarcascade_mcs_mouth.xml in Resources */,
				CEDDD047198BCDF000974D8F /* haarcascade_frontalface_default.xml in Resources */,
				CEDDD04A198BCDF000974D8F /* haarcascade_lowerbody.xml in Resources */,
				CEDDD04C198BCDF000974D8F /* haarcascade_mcs_eyepair_small.xml in Resources */,
				CEDDD057198BCDF000974D8F /* haarcascade_upperbody.xml in Resources */,
				CEDDD043198BCDF000974D8F /* haarcascade_eye_tree_eyeglasses.xml in Resources */,
				CEDDD05B198BCDF000974D8F /* lbpcascade_silverware.xml in Resources */,
				CEDDD04B198BCDF000974D8F /* haarcascade_mcs_eyepair_big.xml in Resources */,
				CEDDD059198BCDF000974D8F /* lbpcascade_frontalface.xml in Resources */,
			);
			runOnlyForDeploymentPostprocessing = 0;
		};
		CE3A1F1D197C699000E8FB41 /* Resources */ = {
			isa = PBXResourcesBuildPhase;
			buildActionMask = 2147483647;
			files = (
				CE3A1F2A197C699000E8FB41 /* InfoPlist.strings in Resources */,
			);
			runOnlyForDeploymentPostprocessing = 0;
		};
/* End PBXResourcesBuildPhase section */

/* Begin PBXSourcesBuildPhase section */
		CE3A1EFA197C698F00E8FB41 /* Sources */ = {
			isa = PBXSourcesBuildPhase;
			buildActionMask = 2147483647;
			files = (
				CE3A1F15197C698F00E8FB41 /* AppDelegate.m in Sources */,
				CE3A1F0E197C698F00E8FB41 /* main.m in Sources */,
				CEDDCFFC198BB28F00974D8F /* EyeTracker.mm in Sources */,
			);
			runOnlyForDeploymentPostprocessing = 0;
		};
		CE3A1F1B197C699000E8FB41 /* Sources */ = {
			isa = PBXSourcesBuildPhase;
			buildActionMask = 2147483647;
			files = (
				CE3A1F2C197C699000E8FB41 /* Eye_RollTests.m in Sources */,
			);
			runOnlyForDeploymentPostprocessing = 0;
		};
/* End PBXSourcesBuildPhase section */

/* Begin PBXTargetDependency section */
		CE3A1F24197C699000E8FB41 /* PBXTargetDependency */ = {
			isa = PBXTargetDependency;
			target = CE3A1EFD197C698F00E8FB41 /* Eye Roll */;
			targetProxy = CE3A1F23197C699000E8FB41 /* PBXContainerItemProxy */;
		};
/* End PBXTargetDependency section */

/* Begin PBXVariantGroup section */
		CE3A1F0A197C698F00E8FB41 /* InfoPlist.strings */ = {
			isa = PBXVariantGroup;
			children = (
				CE3A1F0B197C698F00E8FB41 /* en */,
			);
			name = InfoPlist.strings;
			sourceTree = "<group>";
		};
		CE3A1F10197C698F00E8FB41 /* Credits.rtf */ = {
			isa = PBXVariantGroup;
			children = (
				CE3A1F11197C698F00E8FB41 /* en */,
			);
			name = Credits.rtf;
			sourceTree = "<group>";
		};
		CE3A1F16197C698F00E8FB41 /* MainMenu.xib */ = {
			isa = PBXVariantGroup;
			children = (
				CE3A1F17197C698F00E8FB41 /* Base */,
			);
			name = MainMenu.xib;
			sourceTree = "<group>";
		};
		CE3A1F28197C699000E8FB41 /* InfoPlist.strings */ = {
			isa = PBXVariantGroup;
			children = (
				CE3A1F29197C699000E8FB41 /* en */,
			);
			name = InfoPlist.strings;
			sourceTree = "<group>";
		};
/* End PBXVariantGroup section */

/* Begin XCBuildConfiguration section */
		CE3A1F2D197C699000E8FB41 /* Debug */ = {
			isa = XCBuildConfiguration;
			buildSettings = {
				ALWAYS_SEARCH_USER_PATHS = NO;
				CLANG_CXX_LANGUAGE_STANDARD = "gnu++0x";
				CLANG_CXX_LIBRARY = "libc++";
				CLANG_ENABLE_MODULES = YES;
				CLANG_ENABLE_OBJC_ARC = YES;
				CLANG_WARN_BOOL_CONVERSION = YES;
				CLANG_WARN_CONSTANT_CONVERSION = YES;
				CLANG_WARN_DIRECT_OBJC_ISA_USAGE = YES_ERROR;
				CLANG_WARN_EMPTY_BODY = YES;
				CLANG_WARN_ENUM_CONVERSION = YES;
				CLANG_WARN_INT_CONVERSION = YES;
				CLANG_WARN_OBJC_ROOT_CLASS = YES_ERROR;
				CLANG_WARN__DUPLICATE_METHOD_MATCH = YES;
				COPY_PHASE_STRIP = NO;
				GCC_C_LANGUAGE_STANDARD = gnu99;
				GCC_DYNAMIC_NO_PIC = NO;
				GCC_ENABLE_OBJC_EXCEPTIONS = YES;
				GCC_OPTIMIZATION_LEVEL = 0;
				GCC_PREPROCESSOR_DEFINITIONS = (
					"DEBUG=1",
					"$(inherited)",
				);
				GCC_SYMBOLS_PRIVATE_EXTERN = NO;
				GCC_WARN_64_TO_32_BIT_CONVERSION = YES;
				GCC_WARN_ABOUT_RETURN_TYPE = YES_ERROR;
				GCC_WARN_UNDECLARED_SELECTOR = YES;
				GCC_WARN_UNINITIALIZED_AUTOS = YES_AGGRESSIVE;
				GCC_WARN_UNUSED_FUNCTION = YES;
				GCC_WARN_UNUSED_VARIABLE = YES;
				HEADER_SEARCH_PATHS = (
					"$(inherited)",
					/Applications/Xcode.app/Contents/Developer/Toolchains/XcodeDefault.xctoolchain/usr/include,
					"/usr/local/Cellar/opencv/2.4.9/include/**",
				);
				MACOSX_DEPLOYMENT_TARGET = 10.9;
				ONLY_ACTIVE_ARCH = YES;
				SDKROOT = macosx;
			};
			name = Debug;
		};
		CE3A1F2E197C699000E8FB41 /* Release */ = {
			isa = XCBuildConfiguration;
			buildSettings = {
				ALWAYS_SEARCH_USER_PATHS = NO;
				CLANG_CXX_LANGUAGE_STANDARD = "gnu++0x";
				CLANG_CXX_LIBRARY = "libc++";
				CLANG_ENABLE_MODULES = YES;
				CLANG_ENABLE_OBJC_ARC = YES;
				CLANG_WARN_BOOL_CONVERSION = YES;
				CLANG_WARN_CONSTANT_CONVERSION = YES;
				CLANG_WARN_DIRECT_OBJC_ISA_USAGE = YES_ERROR;
				CLANG_WARN_EMPTY_BODY = YES;
				CLANG_WARN_ENUM_CONVERSION = YES;
				CLANG_WARN_INT_CONVERSION = YES;
				CLANG_WARN_OBJC_ROOT_CLASS = YES_ERROR;
				CLANG_WARN__DUPLICATE_METHOD_MATCH = YES;
				COPY_PHASE_STRIP = YES;
				DEBUG_INFORMATION_FORMAT = "dwarf-with-dsym";
				ENABLE_NS_ASSERTIONS = NO;
				GCC_C_LANGUAGE_STANDARD = gnu99;
				GCC_ENABLE_OBJC_EXCEPTIONS = YES;
				GCC_WARN_64_TO_32_BIT_CONVERSION = YES;
				GCC_WARN_ABOUT_RETURN_TYPE = YES_ERROR;
				GCC_WARN_UNDECLARED_SELECTOR = YES;
				GCC_WARN_UNINITIALIZED_AUTOS = YES_AGGRESSIVE;
				GCC_WARN_UNUSED_FUNCTION = YES;
				GCC_WARN_UNUSED_VARIABLE = YES;
				MACOSX_DEPLOYMENT_TARGET = 10.9;
				SDKROOT = macosx;
			};
			name = Release;
		};
		CE3A1F30197C699000E8FB41 /* Debug */ = {
			isa = XCBuildConfiguration;
			buildSettings = {
				ASSETCATALOG_COMPILER_APPICON_NAME = AppIcon;
				COMBINE_HIDPI_IMAGES = YES;
				GCC_PRECOMPILE_PREFIX_HEADER = YES;
				GCC_PREFIX_HEADER = "Eye Roll/Eye Roll-Prefix.pch";
				HEADER_SEARCH_PATHS = (
					"$(inherited)",
					/Applications/Xcode.app/Contents/Developer/Toolchains/XcodeDefault.xctoolchain/usr/include,
				);
				INFOPLIST_FILE = "Eye Roll/Eye Roll-Info.plist";
				LIBRARY_SEARCH_PATHS = (
					"$(inherited)",
					"$(PROJECT_DIR)",
				);
				PRODUCT_NAME = "$(TARGET_NAME)";
				WRAPPER_EXTENSION = app;
			};
			name = Debug;
		};
		CE3A1F31197C699000E8FB41 /* Release */ = {
			isa = XCBuildConfiguration;
			buildSettings = {
				ASSETCATALOG_COMPILER_APPICON_NAME = AppIcon;
				COMBINE_HIDPI_IMAGES = YES;
				GCC_PRECOMPILE_PREFIX_HEADER = YES;
				GCC_PREFIX_HEADER = "Eye Roll/Eye Roll-Prefix.pch";
				INFOPLIST_FILE = "Eye Roll/Eye Roll-Info.plist";
				LIBRARY_SEARCH_PATHS = (
					"$(inherited)",
					"$(PROJECT_DIR)",
				);
				PRODUCT_NAME = "$(TARGET_NAME)";
				WRAPPER_EXTENSION = app;
			};
			name = Release;
		};
		CE3A1F33197C699000E8FB41 /* Debug */ = {
			isa = XCBuildConfiguration;
			buildSettings = {
				BUNDLE_LOADER = "$(BUILT_PRODUCTS_DIR)/Eye Roll.app/Contents/MacOS/Eye Roll";
				COMBINE_HIDPI_IMAGES = YES;
				FRAMEWORK_SEARCH_PATHS = (
					"$(DEVELOPER_FRAMEWORKS_DIR)",
					"$(inherited)",
				);
				GCC_PRECOMPILE_PREFIX_HEADER = YES;
				GCC_PREFIX_HEADER = "Eye Roll/Eye Roll-Prefix.pch";
				GCC_PREPROCESSOR_DEFINITIONS = (
					"DEBUG=1",
					"$(inherited)",
				);
				INFOPLIST_FILE = "Eye RollTests/Eye RollTests-Info.plist";
				PRODUCT_NAME = "$(TARGET_NAME)";
				TEST_HOST = "$(BUNDLE_LOADER)";
				WRAPPER_EXTENSION = xctest;
			};
			name = Debug;
		};
		CE3A1F34197C699000E8FB41 /* Release */ = {
			isa = XCBuildConfiguration;
			buildSettings = {
				BUNDLE_LOADER = "$(BUILT_PRODUCTS_DIR)/Eye Roll.app/Contents/MacOS/Eye Roll";
				COMBINE_HIDPI_IMAGES = YES;
				FRAMEWORK_SEARCH_PATHS = (
					"$(DEVELOPER_FRAMEWORKS_DIR)",
					"$(inherited)",
				);
				GCC_PRECOMPILE_PREFIX_HEADER = YES;
				GCC_PREFIX_HEADER = "Eye Roll/Eye Roll-Prefix.pch";
				INFOPLIST_FILE = "Eye RollTests/Eye RollTests-Info.plist";
				PRODUCT_NAME = "$(TARGET_NAME)";
				TEST_HOST = "$(BUNDLE_LOADER)";
				WRAPPER_EXTENSION = xctest;
			};
			name = Release;
		};
/* End XCBuildConfiguration section */

/* Begin XCConfigurationList section */
		CE3A1EF9197C698F00E8FB41 /* Build configuration list for PBXProject "Eye Roll" */ = {
			isa = XCConfigurationList;
			buildConfigurations = (
				CE3A1F2D197C699000E8FB41 /* Debug */,
				CE3A1F2E197C699000E8FB41 /* Release */,
			);
			defaultConfigurationIsVisible = 0;
			defaultConfigurationName = Release;
		};
		CE3A1F2F197C699000E8FB41 /* Build configuration list for PBXNativeTarget "Eye Roll" */ = {
			isa = XCConfigurationList;
			buildConfigurations = (
				CE3A1F30197C699000E8FB41 /* Debug */,
				CE3A1F31197C699000E8FB41 /* Release */,
			);
			defaultConfigurationIsVisible = 0;
			defaultConfigurationName = Release;
		};
		CE3A1F32197C699000E8FB41 /* Build configuration list for PBXNativeTarget "Eye RollTests" */ = {
			isa = XCConfigurationList;
			buildConfigurations = (
				CE3A1F33197C699000E8FB41 /* Debug */,
				CE3A1F34197C699000E8FB41 /* Release */,
			);
			defaultConfigurationIsVisible = 0;
			defaultConfigurationName = Release;
		};
/* End XCConfigurationList section */
	};
	rootObject = CE3A1EF6197C698F00E8FB41 /* Project object */;
}
